
Microsoft Visual Studio Solution File, Format Version 12.00
# Visual Studio Version 16
VisualStudioVersion = 16.0.29503.13
MinimumVisualStudioVersion = 10.0.40219.1
Project("{2150E333-8FDC-42A3-9474-1A3956D46DE8}") = "Application", "Application", "{0B2DF210-96F9-484F-802C-BEC70D63E5C2}"
EndProject
Project("{2150E333-8FDC-42A3-9474-1A3956D46DE8}") = "Domain", "Domain", "{D360EA8D-930F-441A-BF47-163179BB7FB2}"
EndProject
Project("{2150E333-8FDC-42A3-9474-1A3956D46DE8}") = "Infrastructure.Data", "Infrastructure.Data", "{04076B2C-F6FF-4CD2-96F3-7AA0241EA734}"
EndProject
Project("{2150E333-8FDC-42A3-9474-1A3956D46DE8}") = "Presentation", "Presentation", "{6838DABA-6F2D-43F6-856C-C93823FB4404}"
EndProject
Project("{2150E333-8FDC-42A3-9474-1A3956D46DE8}") = "Infrastructure.IOC", "Infrastructure.IOC", "{5CB73EF1-2281-43D4-8912-8DEF2CBA288E}"
EndProject
Project("{9A19103F-16F7-4668-BE54-9A1E7A4F7556}") = "CleanArchitectur.MVC", "CleanArchitectur.MVC\CleanArchitectur.MVC.csproj", "{253FC190-3EF7-49CF-846E-3E303D332987}"
EndProject
Project("{9A19103F-16F7-4668-BE54-9A1E7A4F7556}") = "CleanArchitecture.Domain", "CleanArchitecture.Domain\CleanArchitecture.Domain.csproj", "{D3A7BC93-961A-41A4-9EE0-63EE902496A3}"
EndProject
Project("{9A19103F-16F7-4668-BE54-9A1E7A4F7556}") = "CleanArchitecture.Data", "CleanArchitecture.Data\CleanArchitecture.Data.csproj", "{C0D97FAB-D6EE-47C2-8701-EAAE0FEDE2B8}"
EndProject
Project("{9A19103F-16F7-4668-BE54-9A1E7A4F7556}") = "CleanArchitecture.Application", "CleanArchitecture.Application\CleanArchitecture.Application.csproj", "{E294C810-F95D-4AAC-8A7A-9BB5D829F76C}"
EndProject
Project("{9A19103F-16F7-4668-BE54-9A1E7A4F7556}") = "CleanArchitecture.IoC", "CleanArchitecture.IoC\CleanArchitecture.IoC.csproj", "{17A0E038-07C7-4F9B-B1EB-8024C28EF6D0}"
EndProject
Global
	GlobalSection(SolutionConfigurationPlatforms) = preSolution
		Debug|Any CPU = Debug|Any CPU
		Release|Any CPU = Release|Any CPU
	EndGlobalSection
	GlobalSection(ProjectConfigurationPlatforms) = postSolution
		{253FC190-3EF7-49CF-846E-3E303D332987}.Debug|Any CPU.ActiveCfg = Debug|Any CPU
		{253FC190-3EF7-49CF-846E-3E303D332987}.Debug|Any CPU.Build.0 = Debug|Any CPU
		{253FC190-3EF7-49CF-846E-3E303D332987}.Release|Any CPU.ActiveCfg = Release|Any CPU
		{253FC190-3EF7-49CF-846E-3E303D332987}.Release|Any CPU.Build.0 = Release|Any CPU
		{D3A7BC93-961A-41A4-9EE0-63EE902496A3}.Debug|Any CPU.ActiveCfg = Debug|Any CPU
		{D3A7BC93-961A-41A4-9EE0-63EE902496A3}.Debug|Any CPU.Build.0 = Debug|Any CPU
		{D3A7BC93-961A-41A4-9EE0-63EE902496A3}.Release|Any CPU.ActiveCfg = Release|Any CPU
		{D3A7BC93-961A-41A4-9EE0-63EE902496A3}.Release|Any CPU.Build.0 = Release|Any CPU
		{C0D97FAB-D6EE-47C2-8701-EAAE0FEDE2B8}.Debug|Any CPU.ActiveCfg = Debug|Any CPU
		{C0D97FAB-D6EE-47C2-8701-EAAE0FEDE2B8}.Debug|Any CPU.Build.0 = Debug|Any CPU
		{C0D97FAB-D6EE-47C2-8701-EAAE0FEDE2B8}.Release|Any CPU.ActiveCfg = Release|Any CPU
		{C0D97FAB-D6EE-47C2-8701-EAAE0FEDE2B8}.Release|Any CPU.Build.0 = Release|Any CPU
		{E294C810-F95D-4AAC-8A7A-9BB5D829F76C}.Debug|Any CPU.ActiveCfg = Debug|Any CPU
		{E294C810-F95D-4AAC-8A7A-9BB5D829F76C}.Debug|Any CPU.Build.0 = Debug|Any CPU
		{E294C810-F95D-4AAC-8A7A-9BB5D829F76C}.Release|Any CPU.ActiveCfg = Release|Any CPU
		{E294C810-F95D-4AAC-8A7A-9BB5D829F76C}.Release|Any CPU.Build.0 = Release|Any CPU
		{17A0E038-07C7-4F9B-B1EB-8024C28EF6D0}.Debug|Any CPU.ActiveCfg = Debug|Any CPU
		{17A0E038-07C7-4F9B-B1EB-8024C28EF6D0}.Debug|Any CPU.Build.0 = Debug|Any CPU
		{17A0E038-07C7-4F9B-B1EB-8024C28EF6D0}.Release|Any CPU.ActiveCfg = Release|Any CPU
		{17A0E038-07C7-4F9B-B1EB-8024C28EF6D0}.Release|Any CPU.Build.0 = Release|Any CPU
	EndGlobalSection
	GlobalSection(SolutionProperties) = preSolution
		HideSolutionNode = FALSE
	EndGlobalSection
	GlobalSection(NestedProjects) = preSolution
		{253FC190-3EF7-49CF-846E-3E303D332987} = {6838DABA-6F2D-43F6-856C-C93823FB4404}
		{D3A7BC93-961A-41A4-9EE0-63EE902496A3} = {D360EA8D-930F-441A-BF47-163179BB7FB2}
		{C0D97FAB-D6EE-47C2-8701-EAAE0FEDE2B8} = {04076B2C-F6FF-4CD2-96F3-7AA0241EA734}
		{E294C810-F95D-4AAC-8A7A-9BB5D829F76C} = {0B2DF210-96F9-484F-802C-BEC70D63E5C2}
		{17A0E038-07C7-4F9B-B1EB-8024C28EF6D0} = {5CB73EF1-2281-43D4-8912-8DEF2CBA288E}
	EndGlobalSection
	GlobalSection(ExtensibilityGlobals) = postSolution
		SolutionGuid = {5419373C-4819-4ACD-BBC3-73769DE5DF29}
	EndGlobalSection
EndGlobal
